
Microsoft Visual Studio Solution File, Format Version 12.00
# Visual Studio Version 17
VisualStudioVersion = 17.5.33414.496
MinimumVisualStudioVersion = 10.0.40219.1
Project("{FAE04EC0-301F-11D3-BF4B-00C04F79EFBC}") = "JobPortalWeb", "JobPortalWeb\JobPortalWeb.csproj", "{767E366F-EA7D-40DE-8329-523B8A523000}"
EndProject
Global
	GlobalSection(SolutionConfigurationPlatforms) = preSolution
		Debug|Any CPU = Debug|Any CPU
		Release|Any CPU = Release|Any CPU
	EndGlobalSection
	GlobalSection(ProjectConfigurationPlatforms) = postSolution
		{767E366F-EA7D-40DE-8329-523B8A523000}.Debug|Any CPU.ActiveCfg = Debug|Any CPU
		{767E366F-EA7D-40DE-8329-523B8A523000}.Debug|Any CPU.Build.0 = Debug|Any CPU
		{767E366F-EA7D-40DE-8329-523B8A523000}.Release|Any CPU.ActiveCfg = Release|Any CPU
		{767E366F-EA7D-40DE-8329-523B8A523000}.Release|Any CPU.Build.0 = Release|Any CPU
	EndGlobalSection
	GlobalSection(SolutionProperties) = preSolution
		HideSolutionNode = FALSE
	EndGlobalSection
	GlobalSection(ExtensibilityGlobals) = postSolution
		SolutionGuid = {62659EBE-DD46-4643-806B-6EACB59FDA41}
	EndGlobalSection
EndGlobal
